// !$*UTF8*$!
{
	archiveVersion = 1;
	classes = {
	};
	objectVersion = 46;
	objects = {

/* Begin PBXBuildFile section */
		01437A021B0B46B700BB2C4B /* Configurations.plist in Resources */ = {isa = PBXBuildFile; fileRef = 01437A011B0B46B700BB2C4B /* Configurations.plist */; };
		015457DF1B06172F0035E520 /* AppDelegate.swift in Sources */ = {isa = PBXBuildFile; fileRef = 015457DE1B06172F0035E520 /* AppDelegate.swift */; };
		015457E11B06172F0035E520 /* ViewController.swift in Sources */ = {isa = PBXBuildFile; fileRef = 015457E01B06172F0035E520 /* ViewController.swift */; };
		015457E41B06172F0035E520 /* Main.storyboard in Resources */ = {isa = PBXBuildFile; fileRef = 015457E21B06172F0035E520 /* Main.storyboard */; };
		015457E61B06172F0035E520 /* Images.xcassets in Resources */ = {isa = PBXBuildFile; fileRef = 015457E51B06172F0035E520 /* Images.xcassets */; };
		015457F51B06172F0035E520 /* NotificationTestTests.swift in Sources */ = {isa = PBXBuildFile; fileRef = 015457F41B06172F0035E520 /* NotificationTestTests.swift */; };
		01587E8A1B0A0C5E001206F9 /* bg_splash.png in Resources */ = {isa = PBXBuildFile; fileRef = 01587E891B0A0C5E001206F9 /* bg_splash.png */; };
		01587E8D1B0A0C64001206F9 /* globe.png in Resources */ = {isa = PBXBuildFile; fileRef = 01587E8B1B0A0C64001206F9 /* globe.png */; };
		01587E8E1B0A0C64001206F9 /* logo_Sherpa.png in Resources */ = {isa = PBXBuildFile; fileRef = 01587E8C1B0A0C64001206F9 /* logo_Sherpa.png */; };
		01587E911B0A1321001206F9 /* sherpa_splash.png in Resources */ = {isa = PBXBuildFile; fileRef = 01587E901B0A1321001206F9 /* sherpa_splash.png */; };
		01587E951B0A19A4001206F9 /* NavigationConstants.swift in Sources */ = {isa = PBXBuildFile; fileRef = 01587E941B0A19A4001206F9 /* NavigationConstants.swift */; };
		01587E971B0A2B84001206F9 /* LoginController.swift in Sources */ = {isa = PBXBuildFile; fileRef = 01587E961B0A2B84001206F9 /* LoginController.swift */; };
		01587E9A1B0A3045001206F9 /* screen_signin.png in Resources */ = {isa = PBXBuildFile; fileRef = 01587E991B0A3045001206F9 /* screen_signin.png */; };
		01587E9C1B0A374A001206F9 /* sherpa_login_images.png in Resources */ = {isa = PBXBuildFile; fileRef = 01587E9B1B0A374A001206F9 /* sherpa_login_images.png */; };
		01587EA11B0A437B001206F9 /* BaseViewController.swift in Sources */ = {isa = PBXBuildFile; fileRef = 01587EA01B0A437B001206F9 /* BaseViewController.swift */; };
		01587EA31B0A4674001206F9 /* HomeViewController.swift in Sources */ = {isa = PBXBuildFile; fileRef = 01587EA21B0A4674001206F9 /* HomeViewController.swift */; };
		015986251B0BA7F100AAE34A /* ControllerConstants.swift in Sources */ = {isa = PBXBuildFile; fileRef = 015986241B0BA7F100AAE34A /* ControllerConstants.swift */; };
		0172FE0F1B0D06A5006E18DD /* icon_exit.png in Resources */ = {isa = PBXBuildFile; fileRef = 0172FE0E1B0D06A5006E18DD /* icon_exit.png */; };
		0172FE111B0D074D006E18DD /* icon_help.png in Resources */ = {isa = PBXBuildFile; fileRef = 0172FE101B0D074D006E18DD /* icon_help.png */; };
		01D098871B0CACC40098795C /* sign_in_edittext.png in Resources */ = {isa = PBXBuildFile; fileRef = 01D098861B0CACC40098795C /* sign_in_edittext.png */; };
		01D0988C1B0CB4370098795C /* SWRevealViewController.m in Sources */ = {isa = PBXBuildFile; fileRef = 01D0988B1B0CB4370098795C /* SWRevealViewController.m */; };
		01D0988F1B0CBC020098795C /* hm_btn_menu.png in Resources */ = {isa = PBXBuildFile; fileRef = 01D0988E1B0CBC020098795C /* hm_btn_menu.png */; };
		01D098911B0CBD6F0098795C /* menu_bar_button.png in Resources */ = {isa = PBXBuildFile; fileRef = 01D098901B0CBD6F0098795C /* menu_bar_button.png */; };
		01D098931B0CCAF30098795C /* hm_image_paloalto.png in Resources */ = {isa = PBXBuildFile; fileRef = 01D098921B0CCAF30098795C /* hm_image_paloalto.png */; };
		01D098951B0CD6C20098795C /* MenuTableViewController.swift in Sources */ = {isa = PBXBuildFile; fileRef = 01D098941B0CD6C20098795C /* MenuTableViewController.swift */; };
		01D098971B0CE8120098795C /* hm_badge_picture.png in Resources */ = {isa = PBXBuildFile; fileRef = 01D098961B0CE8120098795C /* hm_badge_picture.png */; };
		01D098991B0CEE180098795C /* BaseTableViewController.swift in Sources */ = {isa = PBXBuildFile; fileRef = 01D098981B0CEE180098795C /* BaseTableViewController.swift */; };
		01F01A391B0CF91600FD7494 /* CircledImageView.swift in Sources */ = {isa = PBXBuildFile; fileRef = 01F01A381B0CF91600FD7494 /* CircledImageView.swift */; };
		01F312E11B0C9CB0008E1F52 /* AnimationViewController.swift in Sources */ = {isa = PBXBuildFile; fileRef = 01F312E01B0C9CB0008E1F52 /* AnimationViewController.swift */; };
		7AFE31FA7B0B7AC2F2DC726C /* libPods.a in Frameworks */ = {isa = PBXBuildFile; fileRef = 59BC9E78F955C4DB66C86547 /* libPods.a */; };
/* End PBXBuildFile section */

/* Begin PBXContainerItemProxy section */
		015457EF1B06172F0035E520 /* PBXContainerItemProxy */ = {
			isa = PBXContainerItemProxy;
			containerPortal = 015457D11B06172F0035E520 /* Project object */;
			proxyType = 1;
			remoteGlobalIDString = 015457D81B06172F0035E520;
			remoteInfo = NotificationTest;
		};
/* End PBXContainerItemProxy section */

/* Begin PBXFileReference section */
		01437A011B0B46B700BB2C4B /* Configurations.plist */ = {isa = PBXFileReference; fileEncoding = 4; lastKnownFileType = text.plist.xml; path = Configurations.plist; sourceTree = "<group>"; };
		015457D91B06172F0035E520 /* Sherpa.app */ = {isa = PBXFileReference; explicitFileType = wrapper.application; includeInIndex = 0; path = Sherpa.app; sourceTree = BUILT_PRODUCTS_DIR; };
		015457DD1B06172F0035E520 /* Info.plist */ = {isa = PBXFileReference; lastKnownFileType = text.plist.xml; path = Info.plist; sourceTree = "<group>"; };
		015457DE1B06172F0035E520 /* AppDelegate.swift */ = {isa = PBXFileReference; lastKnownFileType = sourcecode.swift; path = AppDelegate.swift; sourceTree = "<group>"; };
		015457E01B06172F0035E520 /* ViewController.swift */ = {isa = PBXFileReference; lastKnownFileType = sourcecode.swift; path = ViewController.swift; sourceTree = "<group>"; };
		015457E31B06172F0035E520 /* Base */ = {isa = PBXFileReference; lastKnownFileType = file.storyboard; name = Base; path = Base.lproj/Main.storyboard; sourceTree = "<group>"; };
		015457E51B06172F0035E520 /* Images.xcassets */ = {isa = PBXFileReference; lastKnownFileType = folder.assetcatalog; path = Images.xcassets; sourceTree = "<group>"; };
		015457EE1B06172F0035E520 /* SherpaTests.xctest */ = {isa = PBXFileReference; explicitFileType = wrapper.cfbundle; includeInIndex = 0; path = SherpaTests.xctest; sourceTree = BUILT_PRODUCTS_DIR; };
		015457F31B06172F0035E520 /* Info.plist */ = {isa = PBXFileReference; lastKnownFileType = text.plist.xml; path = Info.plist; sourceTree = "<group>"; };
		015457F41B06172F0035E520 /* NotificationTestTests.swift */ = {isa = PBXFileReference; lastKnownFileType = sourcecode.swift; path = NotificationTestTests.swift; sourceTree = "<group>"; };
		01587E891B0A0C5E001206F9 /* bg_splash.png */ = {isa = PBXFileReference; lastKnownFileType = image.png; path = bg_splash.png; sourceTree = "<group>"; };
		01587E8B1B0A0C64001206F9 /* globe.png */ = {isa = PBXFileReference; lastKnownFileType = image.png; path = globe.png; sourceTree = "<group>"; };
		01587E8C1B0A0C64001206F9 /* logo_Sherpa.png */ = {isa = PBXFileReference; lastKnownFileType = image.png; path = logo_Sherpa.png; sourceTree = "<group>"; };
		01587E901B0A1321001206F9 /* sherpa_splash.png */ = {isa = PBXFileReference; lastKnownFileType = image.png; path = sherpa_splash.png; sourceTree = "<group>"; };
		01587E941B0A19A4001206F9 /* NavigationConstants.swift */ = {isa = PBXFileReference; fileEncoding = 4; lastKnownFileType = sourcecode.swift; name = NavigationConstants.swift; path = Constants/NavigationConstants.swift; sourceTree = "<group>"; };
		01587E961B0A2B84001206F9 /* LoginController.swift */ = {isa = PBXFileReference; fileEncoding = 4; lastKnownFileType = sourcecode.swift; name = LoginController.swift; path = controllers/LoginController.swift; sourceTree = "<group>"; };
		01587E991B0A3045001206F9 /* screen_signin.png */ = {isa = PBXFileReference; lastKnownFileType = image.png; path = screen_signin.png; sourceTree = "<group>"; };
		01587E9B1B0A374A001206F9 /* sherpa_login_images.png */ = {isa = PBXFileReference; lastKnownFileType = image.png; path = sherpa_login_images.png; sourceTree = "<group>"; };
		01587EA01B0A437B001206F9 /* BaseViewController.swift */ = {isa = PBXFileReference; fileEncoding = 4; lastKnownFileType = sourcecode.swift; name = BaseViewController.swift; path = controllers/abs/BaseViewController.swift; sourceTree = "<group>"; };
		01587EA21B0A4674001206F9 /* HomeViewController.swift */ = {isa = PBXFileReference; fileEncoding = 4; lastKnownFileType = sourcecode.swift; name = HomeViewController.swift; path = controllers/HomeViewController.swift; sourceTree = "<group>"; };
		015986241B0BA7F100AAE34A /* ControllerConstants.swift */ = {isa = PBXFileReference; fileEncoding = 4; lastKnownFileType = sourcecode.swift; name = ControllerConstants.swift; path = Constants/ControllerConstants.swift; sourceTree = "<group>"; };
		0172FE0E1B0D06A5006E18DD /* icon_exit.png */ = {isa = PBXFileReference; lastKnownFileType = image.png; path = icon_exit.png; sourceTree = "<group>"; };
		0172FE101B0D074D006E18DD /* icon_help.png */ = {isa = PBXFileReference; lastKnownFileType = image.png; path = icon_help.png; sourceTree = "<group>"; };
		01D098861B0CACC40098795C /* sign_in_edittext.png */ = {isa = PBXFileReference; lastKnownFileType = image.png; path = sign_in_edittext.png; sourceTree = "<group>"; };
		01D0988A1B0CB4370098795C /* SWRevealViewController.h */ = {isa = PBXFileReference; fileEncoding = 4; lastKnownFileType = sourcecode.c.h; path = SWRevealViewController.h; sourceTree = "<group>"; };
		01D0988B1B0CB4370098795C /* SWRevealViewController.m */ = {isa = PBXFileReference; fileEncoding = 4; lastKnownFileType = sourcecode.c.objc; path = SWRevealViewController.m; sourceTree = "<group>"; };
		01D0988E1B0CBC020098795C /* hm_btn_menu.png */ = {isa = PBXFileReference; lastKnownFileType = image.png; path = hm_btn_menu.png; sourceTree = "<group>"; };
		01D098901B0CBD6F0098795C /* menu_bar_button.png */ = {isa = PBXFileReference; lastKnownFileType = image.png; path = menu_bar_button.png; sourceTree = "<group>"; };
		01D098921B0CCAF30098795C /* hm_image_paloalto.png */ = {isa = PBXFileReference; lastKnownFileType = image.png; path = hm_image_paloalto.png; sourceTree = "<group>"; };
		01D098941B0CD6C20098795C /* MenuTableViewController.swift */ = {isa = PBXFileReference; fileEncoding = 4; lastKnownFileType = sourcecode.swift; name = MenuTableViewController.swift; path = controllers/MenuTableViewController.swift; sourceTree = "<group>"; };
		01D098961B0CE8120098795C /* hm_badge_picture.png */ = {isa = PBXFileReference; lastKnownFileType = image.png; path = hm_badge_picture.png; sourceTree = "<group>"; };
		01D098981B0CEE180098795C /* BaseTableViewController.swift */ = {isa = PBXFileReference; fileEncoding = 4; lastKnownFileType = sourcecode.swift; name = BaseTableViewController.swift; path = controllers/abs/BaseTableViewController.swift; sourceTree = "<group>"; };
		01F01A381B0CF91600FD7494 /* CircledImageView.swift */ = {isa = PBXFileReference; fileEncoding = 4; lastKnownFileType = sourcecode.swift; name = CircledImageView.swift; path = views/CircledImageView.swift; sourceTree = "<group>"; };
		01F312E01B0C9CB0008E1F52 /* AnimationViewController.swift */ = {isa = PBXFileReference; fileEncoding = 4; lastKnownFileType = sourcecode.swift; name = AnimationViewController.swift; path = controllers/AnimationViewController.swift; sourceTree = "<group>"; };
		01F942521B064EA900FE7028 /* NotificationTest-Bridging-Header.h */ = {isa = PBXFileReference; lastKnownFileType = sourcecode.c.h; path = "NotificationTest-Bridging-Header.h"; sourceTree = "<group>"; };
		59BC9E78F955C4DB66C86547 /* libPods.a */ = {isa = PBXFileReference; explicitFileType = archive.ar; includeInIndex = 0; path = libPods.a; sourceTree = BUILT_PRODUCTS_DIR; };
		685B46DACE14A5F21CA53CDE /* Pods.release.xcconfig */ = {isa = PBXFileReference; includeInIndex = 1; lastKnownFileType = text.xcconfig; name = Pods.release.xcconfig; path = "Pods/Target Support Files/Pods/Pods.release.xcconfig"; sourceTree = "<group>"; };
		9B4675A1E28D0F607364BF2C /* Pods.debug.xcconfig */ = {isa = PBXFileReference; includeInIndex = 1; lastKnownFileType = text.xcconfig; name = Pods.debug.xcconfig; path = "Pods/Target Support Files/Pods/Pods.debug.xcconfig"; sourceTree = "<group>"; };
/* End PBXFileReference section */

/* Begin PBXFrameworksBuildPhase section */
		015457D61B06172F0035E520 /* Frameworks */ = {
			isa = PBXFrameworksBuildPhase;
			buildActionMask = 2147483647;
			files = (
				7AFE31FA7B0B7AC2F2DC726C /* libPods.a in Frameworks */,
			);
			runOnlyForDeploymentPostprocessing = 0;
		};
		015457EB1B06172F0035E520 /* Frameworks */ = {
			isa = PBXFrameworksBuildPhase;
			buildActionMask = 2147483647;
			files = (
			);
			runOnlyForDeploymentPostprocessing = 0;
		};
/* End PBXFrameworksBuildPhase section */

/* Begin PBXGroup section */
		015457D01B06172F0035E520 = {
			isa = PBXGroup;
			children = (
				015457DB1B06172F0035E520 /* Sherpa */,
				015457F11B06172F0035E520 /* NotificationTestTests */,
				015457DA1B06172F0035E520 /* Products */,
				5DBD247CEDC6A3853BCADFBF /* Pods */,
				2377D78BBD32760E0C479EEB /* Frameworks */,
			);
			sourceTree = "<group>";
		};
		015457DA1B06172F0035E520 /* Products */ = {
			isa = PBXGroup;
			children = (
				015457D91B06172F0035E520 /* Sherpa.app */,
				015457EE1B06172F0035E520 /* SherpaTests.xctest */,
			);
			name = Products;
			sourceTree = "<group>";
		};
		015457DB1B06172F0035E520 /* Sherpa */ = {
			isa = PBXGroup;
			children = (
				01D098881B0CB4050098795C /* library */,
				01587E811B0A0954001206F9 /* src */,
				01587E801B0A094A001206F9 /* res */,
				015457DC1B06172F0035E520 /* Supporting Files */,
			);
			name = Sherpa;
			path = NotificationTest;
			sourceTree = "<group>";
		};
		015457DC1B06172F0035E520 /* Supporting Files */ = {
			isa = PBXGroup;
			children = (
				01437A011B0B46B700BB2C4B /* Configurations.plist */,
				015457DD1B06172F0035E520 /* Info.plist */,
			);
			name = "Supporting Files";
			sourceTree = "<group>";
		};
		015457F11B06172F0035E520 /* NotificationTestTests */ = {
			isa = PBXGroup;
			children = (
				015457F41B06172F0035E520 /* NotificationTestTests.swift */,
				015457F21B06172F0035E520 /* Supporting Files */,
			);
			path = NotificationTestTests;
			sourceTree = "<group>";
		};
		015457F21B06172F0035E520 /* Supporting Files */ = {
			isa = PBXGroup;
			children = (
				015457F31B06172F0035E520 /* Info.plist */,
			);
			name = "Supporting Files";
			sourceTree = "<group>";
		};
		01587E801B0A094A001206F9 /* res */ = {
			isa = PBXGroup;
			children = (
				01587E871B0A099D001206F9 /* xibs */,
				01587E861B0A0993001206F9 /* drawable */,
				01587E851B0A0982001206F9 /* storyboards */,
			);
			name = res;
			sourceTree = "<group>";
		};
		01587E811B0A0954001206F9 /* src */ = {
			isa = PBXGroup;
			children = (
				01587E921B0A13CA001206F9 /* constants */,
				01587E831B0A0965001206F9 /* ui */,
				01587E821B0A095C001206F9 /* main */,
			);
			name = src;
			sourceTree = "<group>";
		};
		01587E821B0A095C001206F9 /* main */ = {
			isa = PBXGroup;
			children = (
				01587E8F1B0A0FA2001206F9 /* bridge */,
				015457DE1B06172F0035E520 /* AppDelegate.swift */,
			);
			name = main;
			sourceTree = "<group>";
		};
		01587E831B0A0965001206F9 /* ui */ = {
			isa = PBXGroup;
			children = (
				0172FE0D1B0CFA63006E18DD /* custom */,
				01D0989A1B0CEF5A0098795C /* views */,
				01587E841B0A0975001206F9 /* controllers */,
			);
			name = ui;
			sourceTree = "<group>";
		};
		01587E841B0A0975001206F9 /* controllers */ = {
			isa = PBXGroup;
			children = (
				01587E9F1B0A4362001206F9 /* abs */,
				015457E01B06172F0035E520 /* ViewController.swift */,
				01587E961B0A2B84001206F9 /* LoginController.swift */,
				01587EA21B0A4674001206F9 /* HomeViewController.swift */,
				01F312E01B0C9CB0008E1F52 /* AnimationViewController.swift */,
				01D098941B0CD6C20098795C /* MenuTableViewController.swift */,
			);
			name = controllers;
			sourceTree = "<group>";
		};
		01587E851B0A0982001206F9 /* storyboards */ = {
			isa = PBXGroup;
			children = (
				015457E21B06172F0035E520 /* Main.storyboard */,
			);
			name = storyboards;
			sourceTree = "<group>";
		};
		01587E861B0A0993001206F9 /* drawable */ = {
			isa = PBXGroup;
			children = (
				01D0988D1B0CBBEF0098795C /* home */,
				01587E981B0A303B001206F9 /* login */,
				01587E881B0A0C54001206F9 /* splash */,
				015457E51B06172F0035E520 /* Images.xcassets */,
			);
			name = drawable;
			sourceTree = "<group>";
		};
		01587E871B0A099D001206F9 /* xibs */ = {
			isa = PBXGroup;
			children = (
			);
			name = xibs;
			sourceTree = "<group>";
		};
		01587E881B0A0C54001206F9 /* splash */ = {
			isa = PBXGroup;
			children = (
				01587E901B0A1321001206F9 /* sherpa_splash.png */,
				01587E8B1B0A0C64001206F9 /* globe.png */,
				01587E8C1B0A0C64001206F9 /* logo_Sherpa.png */,
				01587E891B0A0C5E001206F9 /* bg_splash.png */,
			);
			name = splash;
			sourceTree = "<group>";
		};
		01587E8F1B0A0FA2001206F9 /* bridge */ = {
			isa = PBXGroup;
			children = (
				01F942521B064EA900FE7028 /* NotificationTest-Bridging-Header.h */,
			);
			name = bridge;
			sourceTree = "<group>";
		};
		01587E921B0A13CA001206F9 /* constants */ = {
			isa = PBXGroup;
			children = (
				01587E941B0A19A4001206F9 /* NavigationConstants.swift */,
				015986241B0BA7F100AAE34A /* ControllerConstants.swift */,
			);
			name = constants;
			sourceTree = "<group>";
		};
		01587E981B0A303B001206F9 /* login */ = {
			isa = PBXGroup;
			children = (
				01D098861B0CACC40098795C /* sign_in_edittext.png */,
				01587E9B1B0A374A001206F9 /* sherpa_login_images.png */,
				01587E991B0A3045001206F9 /* screen_signin.png */,
			);
			name = login;
			sourceTree = "<group>";
		};
		01587E9F1B0A4362001206F9 /* abs */ = {
			isa = PBXGroup;
			children = (
				01587EA01B0A437B001206F9 /* BaseViewController.swift */,
				01D098981B0CEE180098795C /* BaseTableViewController.swift */,
			);
			name = abs;
			sourceTree = "<group>";
		};
		0172FE0D1B0CFA63006E18DD /* custom */ = {
			isa = PBXGroup;
			children = (
				01F01A381B0CF91600FD7494 /* CircledImageView.swift */,
			);
			name = custom;
			sourceTree = "<group>";
		};
		01D098881B0CB4050098795C /* library */ = {
			isa = PBXGroup;
			children = (
				01D098891B0CB4280098795C /* SWRevealViewController */,
			);
			name = library;
			sourceTree = "<group>";
		};
		01D098891B0CB4280098795C /* SWRevealViewController */ = {
			isa = PBXGroup;
			children = (
				01D0988A1B0CB4370098795C /* SWRevealViewController.h */,
				01D0988B1B0CB4370098795C /* SWRevealViewController.m */,
			);
			name = SWRevealViewController;
			sourceTree = "<group>";
		};
		01D0988D1B0CBBEF0098795C /* home */ = {
			isa = PBXGroup;
			children = (
				0172FE101B0D074D006E18DD /* icon_help.png */,
				0172FE0E1B0D06A5006E18DD /* icon_exit.png */,
				01D098961B0CE8120098795C /* hm_badge_picture.png */,
				01D098921B0CCAF30098795C /* hm_image_paloalto.png */,
				01D098901B0CBD6F0098795C /* menu_bar_button.png */,
				01D0988E1B0CBC020098795C /* hm_btn_menu.png */,
			);
			name = home;
			sourceTree = "<group>";
		};
		01D0989A1B0CEF5A0098795C /* views */ = {
			isa = PBXGroup;
			children = (
			);
			name = views;
			sourceTree = "<group>";
		};
		2377D78BBD32760E0C479EEB /* Frameworks */ = {
			isa = PBXGroup;
			children = (
				59BC9E78F955C4DB66C86547 /* libPods.a */,
			);
			name = Frameworks;
			sourceTree = "<group>";
		};
		5DBD247CEDC6A3853BCADFBF /* Pods */ = {
			isa = PBXGroup;
			children = (
				9B4675A1E28D0F607364BF2C /* Pods.debug.xcconfig */,
				685B46DACE14A5F21CA53CDE /* Pods.release.xcconfig */,
			);
			name = Pods;
			sourceTree = "<group>";
		};
/* End PBXGroup section */

/* Begin PBXNativeTarget section */
		015457D81B06172F0035E520 /* Sherpa */ = {
			isa = PBXNativeTarget;
			buildConfigurationList = 015457F81B06172F0035E520 /* Build configuration list for PBXNativeTarget "Sherpa" */;
			buildPhases = (
				357872E77673CA34FBA390DE /* Check Pods Manifest.lock */,
				015457D51B06172F0035E520 /* Sources */,
				015457D61B06172F0035E520 /* Frameworks */,
				015457D71B06172F0035E520 /* Resources */,
				1369618823A7C19D81C57946 /* Copy Pods Resources */,
			);
			buildRules = (
			);
			dependencies = (
			);
			name = Sherpa;
			productName = NotificationTest;
			productReference = 015457D91B06172F0035E520 /* Sherpa.app */;
			productType = "com.apple.product-type.application";
		};
		015457ED1B06172F0035E520 /* SherpaTests */ = {
			isa = PBXNativeTarget;
			buildConfigurationList = 015457FB1B06172F0035E520 /* Build configuration list for PBXNativeTarget "SherpaTests" */;
			buildPhases = (
				015457EA1B06172F0035E520 /* Sources */,
				015457EB1B06172F0035E520 /* Frameworks */,
				015457EC1B06172F0035E520 /* Resources */,
			);
			buildRules = (
			);
			dependencies = (
				015457F01B06172F0035E520 /* PBXTargetDependency */,
			);
			name = SherpaTests;
			productName = NotificationTestTests;
			productReference = 015457EE1B06172F0035E520 /* SherpaTests.xctest */;
			productType = "com.apple.product-type.bundle.unit-test";
		};
/* End PBXNativeTarget section */

/* Begin PBXProject section */
		015457D11B06172F0035E520 /* Project object */ = {
			isa = PBXProject;
			attributes = {
				LastUpgradeCheck = 0630;
				ORGANIZATIONNAME = magnet;
				TargetAttributes = {
					015457D81B06172F0035E520 = {
						CreatedOnToolsVersion = 6.3.1;
					};
					015457ED1B06172F0035E520 = {
						CreatedOnToolsVersion = 6.3.1;
						TestTargetID = 015457D81B06172F0035E520;
					};
				};
			};
			buildConfigurationList = 015457D41B06172F0035E520 /* Build configuration list for PBXProject "Sherpa" */;
			compatibilityVersion = "Xcode 3.2";
			developmentRegion = English;
			hasScannedForEncodings = 0;
			knownRegions = (
				en,
				Base,
			);
			mainGroup = 015457D01B06172F0035E520;
			productRefGroup = 015457DA1B06172F0035E520 /* Products */;
			projectDirPath = "";
			projectRoot = "";
			targets = (
				015457D81B06172F0035E520 /* Sherpa */,
				015457ED1B06172F0035E520 /* SherpaTests */,
			);
		};
/* End PBXProject section */

/* Begin PBXResourcesBuildPhase section */
		015457D71B06172F0035E520 /* Resources */ = {
			isa = PBXResourcesBuildPhase;
			buildActionMask = 2147483647;
			files = (
				015457E41B06172F0035E520 /* Main.storyboard in Resources */,
				0172FE111B0D074D006E18DD /* icon_help.png in Resources */,
				01587E9A1B0A3045001206F9 /* screen_signin.png in Resources */,
				01587E9C1B0A374A001206F9 /* sherpa_login_images.png in Resources */,
				01587E911B0A1321001206F9 /* sherpa_splash.png in Resources */,
				01587E8E1B0A0C64001206F9 /* logo_Sherpa.png in Resources */,
				01D098971B0CE8120098795C /* hm_badge_picture.png in Resources */,
				01D098931B0CCAF30098795C /* hm_image_paloalto.png in Resources */,
				01587E8D1B0A0C64001206F9 /* globe.png in Resources */,
				01D098911B0CBD6F0098795C /* menu_bar_button.png in Resources */,
				01D098871B0CACC40098795C /* sign_in_edittext.png in Resources */,
				01587E8A1B0A0C5E001206F9 /* bg_splash.png in Resources */,
				01437A021B0B46B700BB2C4B /* Configurations.plist in Resources */,
				01D0988F1B0CBC020098795C /* hm_btn_menu.png in Resources */,
				0172FE0F1B0D06A5006E18DD /* icon_exit.png in Resources */,
				015457E61B06172F0035E520 /* Images.xcassets in Resources */,
			);
			runOnlyForDeploymentPostprocessing = 0;
		};
		015457EC1B06172F0035E520 /* Resources */ = {
			isa = PBXResourcesBuildPhase;
			buildActionMask = 2147483647;
			files = (
			);
			runOnlyForDeploymentPostprocessing = 0;
		};
/* End PBXResourcesBuildPhase section */

/* Begin PBXShellScriptBuildPhase section */
		1369618823A7C19D81C57946 /* Copy Pods Resources */ = {
			isa = PBXShellScriptBuildPhase;
			buildActionMask = 2147483647;
			files = (
			);
			inputPaths = (
			);
			name = "Copy Pods Resources";
			outputPaths = (
			);
			runOnlyForDeploymentPostprocessing = 0;
			shellPath = /bin/sh;
			shellScript = "\"${SRCROOT}/Pods/Target Support Files/Pods/Pods-resources.sh\"\n";
			showEnvVarsInLog = 0;
		};
		357872E77673CA34FBA390DE /* Check Pods Manifest.lock */ = {
			isa = PBXShellScriptBuildPhase;
			buildActionMask = 2147483647;
			files = (
			);
			inputPaths = (
			);
			name = "Check Pods Manifest.lock";
			outputPaths = (
			);
			runOnlyForDeploymentPostprocessing = 0;
			shellPath = /bin/sh;
			shellScript = "diff \"${PODS_ROOT}/../Podfile.lock\" \"${PODS_ROOT}/Manifest.lock\" > /dev/null\nif [[ $? != 0 ]] ; then\n    cat << EOM\nerror: The sandbox is not in sync with the Podfile.lock. Run 'pod install' or update your CocoaPods installation.\nEOM\n    exit 1\nfi\n";
			showEnvVarsInLog = 0;
		};
/* End PBXShellScriptBuildPhase section */

/* Begin PBXSourcesBuildPhase section */
		015457D51B06172F0035E520 /* Sources */ = {
			isa = PBXSourcesBuildPhase;
			buildActionMask = 2147483647;
			files = (
				01587EA11B0A437B001206F9 /* BaseViewController.swift in Sources */,
				015457E11B06172F0035E520 /* ViewController.swift in Sources */,
				01D098951B0CD6C20098795C /* MenuTableViewController.swift in Sources */,
				01587E971B0A2B84001206F9 /* LoginController.swift in Sources */,
				015457DF1B06172F0035E520 /* AppDelegate.swift in Sources */,
				015986251B0BA7F100AAE34A /* ControllerConstants.swift in Sources */,
				01D0988C1B0CB4370098795C /* SWRevealViewController.m in Sources */,
				01587E951B0A19A4001206F9 /* NavigationConstants.swift in Sources */,
				01587EA31B0A4674001206F9 /* HomeViewController.swift in Sources */,
				01F01A391B0CF91600FD7494 /* CircledImageView.swift in Sources */,
				01D098991B0CEE180098795C /* BaseTableViewController.swift in Sources */,
				01F312E11B0C9CB0008E1F52 /* AnimationViewController.swift in Sources */,
			);
			runOnlyForDeploymentPostprocessing = 0;
		};
		015457EA1B06172F0035E520 /* Sources */ = {
			isa = PBXSourcesBuildPhase;
			buildActionMask = 2147483647;
			files = (
				015457F51B06172F0035E520 /* NotificationTestTests.swift in Sources */,
			);
			runOnlyForDeploymentPostprocessing = 0;
		};
/* End PBXSourcesBuildPhase section */

/* Begin PBXTargetDependency section */
		015457F01B06172F0035E520 /* PBXTargetDependency */ = {
			isa = PBXTargetDependency;
			target = 015457D81B06172F0035E520 /* Sherpa */;
			targetProxy = 015457EF1B06172F0035E520 /* PBXContainerItemProxy */;
		};
/* End PBXTargetDependency section */

/* Begin PBXVariantGroup section */
		015457E21B06172F0035E520 /* Main.storyboard */ = {
			isa = PBXVariantGroup;
			children = (
				015457E31B06172F0035E520 /* Base */,
			);
			name = Main.storyboard;
			sourceTree = "<group>";
		};
/* End PBXVariantGroup section */

/* Begin XCBuildConfiguration section */
		015457F61B06172F0035E520 /* Debug */ = {
			isa = XCBuildConfiguration;
			buildSettings = {
				ALWAYS_SEARCH_USER_PATHS = NO;
				CLANG_CXX_LANGUAGE_STANDARD = "gnu++0x";
				CLANG_CXX_LIBRARY = "libc++";
				CLANG_ENABLE_MODULES = YES;
				CLANG_ENABLE_OBJC_ARC = YES;
				CLANG_WARN_BOOL_CONVERSION = YES;
				CLANG_WARN_CONSTANT_CONVERSION = YES;
				CLANG_WARN_DIRECT_OBJC_ISA_USAGE = YES_ERROR;
				CLANG_WARN_EMPTY_BODY = YES;
				CLANG_WARN_ENUM_CONVERSION = YES;
				CLANG_WARN_INT_CONVERSION = YES;
				CLANG_WARN_OBJC_ROOT_CLASS = YES_ERROR;
				CLANG_WARN_UNREACHABLE_CODE = YES;
				CLANG_WARN__DUPLICATE_METHOD_MATCH = YES;
				"CODE_SIGN_IDENTITY[sdk=iphoneos*]" = "iPhone Developer";
				COPY_PHASE_STRIP = NO;
				DEBUG_INFORMATION_FORMAT = "dwarf-with-dsym";
				ENABLE_STRICT_OBJC_MSGSEND = YES;
				GCC_C_LANGUAGE_STANDARD = gnu99;
				GCC_DYNAMIC_NO_PIC = NO;
				GCC_NO_COMMON_BLOCKS = YES;
				GCC_OPTIMIZATION_LEVEL = 0;
				GCC_PREPROCESSOR_DEFINITIONS = (
					"DEBUG=1",
					"$(inherited)",
				);
				GCC_SYMBOLS_PRIVATE_EXTERN = NO;
				GCC_WARN_64_TO_32_BIT_CONVERSION = YES;
				GCC_WARN_ABOUT_RETURN_TYPE = YES_ERROR;
				GCC_WARN_UNDECLARED_SELECTOR = YES;
				GCC_WARN_UNINITIALIZED_AUTOS = YES_AGGRESSIVE;
				GCC_WARN_UNUSED_FUNCTION = YES;
				GCC_WARN_UNUSED_VARIABLE = YES;
				IPHONEOS_DEPLOYMENT_TARGET = 8.3;
				MTL_ENABLE_DEBUG_INFO = YES;
				ONLY_ACTIVE_ARCH = YES;
				SDKROOT = iphoneos;
				SWIFT_OPTIMIZATION_LEVEL = "-Onone";
			};
			name = Debug;
		};
		015457F71B06172F0035E520 /* Release */ = {
			isa = XCBuildConfiguration;
			buildSettings = {
				ALWAYS_SEARCH_USER_PATHS = NO;
				CLANG_CXX_LANGUAGE_STANDARD = "gnu++0x";
				CLANG_CXX_LIBRARY = "libc++";
				CLANG_ENABLE_MODULES = YES;
				CLANG_ENABLE_OBJC_ARC = YES;
				CLANG_WARN_BOOL_CONVERSION = YES;
				CLANG_WARN_CONSTANT_CONVERSION = YES;
				CLANG_WARN_DIRECT_OBJC_ISA_USAGE = YES_ERROR;
				CLANG_WARN_EMPTY_BODY = YES;
				CLANG_WARN_ENUM_CONVERSION = YES;
				CLANG_WARN_INT_CONVERSION = YES;
				CLANG_WARN_OBJC_ROOT_CLASS = YES_ERROR;
				CLANG_WARN_UNREACHABLE_CODE = YES;
				CLANG_WARN__DUPLICATE_METHOD_MATCH = YES;
				"CODE_SIGN_IDENTITY[sdk=iphoneos*]" = "iPhone Developer";
				COPY_PHASE_STRIP = NO;
				DEBUG_INFORMATION_FORMAT = "dwarf-with-dsym";
				ENABLE_NS_ASSERTIONS = NO;
				ENABLE_STRICT_OBJC_MSGSEND = YES;
				GCC_C_LANGUAGE_STANDARD = gnu99;
				GCC_NO_COMMON_BLOCKS = YES;
				GCC_WARN_64_TO_32_BIT_CONVERSION = YES;
				GCC_WARN_ABOUT_RETURN_TYPE = YES_ERROR;
				GCC_WARN_UNDECLARED_SELECTOR = YES;
				GCC_WARN_UNINITIALIZED_AUTOS = YES_AGGRESSIVE;
				GCC_WARN_UNUSED_FUNCTION = YES;
				GCC_WARN_UNUSED_VARIABLE = YES;
				IPHONEOS_DEPLOYMENT_TARGET = 8.3;
				MTL_ENABLE_DEBUG_INFO = NO;
				SDKROOT = iphoneos;
				VALIDATE_PRODUCT = YES;
			};
			name = Release;
		};
		015457F91B06172F0035E520 /* Debug */ = {
			isa = XCBuildConfiguration;
			baseConfigurationReference = 9B4675A1E28D0F607364BF2C /* Pods.debug.xcconfig */;
			buildSettings = {
				ASSETCATALOG_COMPILER_APPICON_NAME = AppIcon;
				CLANG_ENABLE_MODULES = YES;
				INFOPLIST_FILE = NotificationTest/Info.plist;
				IPHONEOS_DEPLOYMENT_TARGET = 7.0;
				LD_RUNPATH_SEARCH_PATHS = "$(inherited) @executable_path/Frameworks";
				PRODUCT_NAME = Sherpa;
				SWIFT_OBJC_BRIDGING_HEADER = "NotificationTest/NotificationTest-Bridging-Header.h";
				SWIFT_OPTIMIZATION_LEVEL = "-Onone";
			};
			name = Debug;
		};
		015457FA1B06172F0035E520 /* Release */ = {
			isa = XCBuildConfiguration;
			baseConfigurationReference = 685B46DACE14A5F21CA53CDE /* Pods.release.xcconfig */;
			buildSettings = {
				ASSETCATALOG_COMPILER_APPICON_NAME = AppIcon;
				CLANG_ENABLE_MODULES = YES;
				INFOPLIST_FILE = NotificationTest/Info.plist;
				IPHONEOS_DEPLOYMENT_TARGET = 7.0;
				LD_RUNPATH_SEARCH_PATHS = "$(inherited) @executable_path/Frameworks";
				PRODUCT_NAME = Sherpa;
				SWIFT_OBJC_BRIDGING_HEADER = "NotificationTest/NotificationTest-Bridging-Header.h";
			};
			name = Release;
		};
		015457FC1B06172F0035E520 /* Debug */ = {
			isa = XCBuildConfiguration;
			buildSettings = {
				BUNDLE_LOADER = "$(TEST_HOST)";
				FRAMEWORK_SEARCH_PATHS = (
					"$(SDKROOT)/Developer/Library/Frameworks",
					"$(inherited)",
				);
				GCC_PREPROCESSOR_DEFINITIONS = (
					"DEBUG=1",
					"$(inherited)",
				);
				INFOPLIST_FILE = NotificationTestTests/Info.plist;
				LD_RUNPATH_SEARCH_PATHS = "$(inherited) @executable_path/Frameworks @loader_path/Frameworks";
				PRODUCT_NAME = SherpaTests;
				TEST_HOST = "$(BUILT_PRODUCTS_DIR)/NotificationTest.app/NotificationTest";
			};
			name = Debug;
		};
		015457FD1B06172F0035E520 /* Release */ = {
			isa = XCBuildConfiguration;
			buildSettings = {
				BUNDLE_LOADER = "$(TEST_HOST)";
				FRAMEWORK_SEARCH_PATHS = (
					"$(SDKROOT)/Developer/Library/Frameworks",
					"$(inherited)",
				);
				INFOPLIST_FILE = NotificationTestTests/Info.plist;
				LD_RUNPATH_SEARCH_PATHS = "$(inherited) @executable_path/Frameworks @loader_path/Frameworks";
				PRODUCT_NAME = SherpaTests;
				TEST_HOST = "$(BUILT_PRODUCTS_DIR)/NotificationTest.app/NotificationTest";
			};
			name = Release;
		};
/* End XCBuildConfiguration section */

/* Begin XCConfigurationList section */
		015457D41B06172F0035E520 /* Build configuration list for PBXProject "Sherpa" */ = {
			isa = XCConfigurationList;
			buildConfigurations = (
				015457F61B06172F0035E520 /* Debug */,
				015457F71B06172F0035E520 /* Release */,
			);
			defaultConfigurationIsVisible = 0;
			defaultConfigurationName = Release;
		};
		015457F81B06172F0035E520 /* Build configuration list for PBXNativeTarget "Sherpa" */ = {
			isa = XCConfigurationList;
			buildConfigurations = (
				015457F91B06172F0035E520 /* Debug */,
				015457FA1B06172F0035E520 /* Release */,
			);
			defaultConfigurationIsVisible = 0;
			defaultConfigurationName = Release;
		};
		015457FB1B06172F0035E520 /* Build configuration list for PBXNativeTarget "SherpaTests" */ = {
			isa = XCConfigurationList;
			buildConfigurations = (
				015457FC1B06172F0035E520 /* Debug */,
				015457FD1B06172F0035E520 /* Release */,
			);
			defaultConfigurationIsVisible = 0;
			defaultConfigurationName = Release;
		};
/* End XCConfigurationList section */
	};
	rootObject = 015457D11B06172F0035E520 /* Project object */;
}
